
Microsoft Visual Studio Solution File, Format Version 12.00
# Visual Studio Version 16
VisualStudioVersion = 16.0.31129.286
MinimumVisualStudioVersion = 10.0.40219.1
Project("{8BC9CEB8-8B4A-11D0-8D11-00A0C91BC942}") = "MASM", "MASM\MASM.vcxproj", "{2CD695BC-790B-4686-A953-45AE4089AE86}"
EndProject
Project("{8BC9CEB8-8B4A-11D0-8D11-00A0C91BC942}") = "Math", "Math\Math.vcxproj", "{917301FB-6D09-442E-A127-0EAEFEA5EFA0}"
EndProject
Project("{8BC9CEB8-8B4A-11D0-8D11-00A0C91BC942}") = "KeyboardInput", "KeyboardInput\KeyboardInput.vcxproj", "{B5C1EA22-B27F-4789-837A-6B634B8DA40B}"
EndProject
Global
	GlobalSection(SolutionConfigurationPlatforms) = preSolution
		Debug|x64 = Debug|x64
		Debug|x86 = Debug|x86
		Release|x64 = Release|x64
		Release|x86 = Release|x86
	EndGlobalSection
	GlobalSection(ProjectConfigurationPlatforms) = postSolution
		{2CD695BC-790B-4686-A953-45AE4089AE86}.Debug|x64.ActiveCfg = Debug|x64
		{2CD695BC-790B-4686-A953-45AE4089AE86}.Debug|x64.Build.0 = Debug|x64
		{2CD695BC-790B-4686-A953-45AE4089AE86}.Debug|x86.ActiveCfg = Debug|Win32
		{2CD695BC-790B-4686-A953-45AE4089AE86}.Debug|x86.Build.0 = Debug|Win32
		{2CD695BC-790B-4686-A953-45AE4089AE86}.Release|x64.ActiveCfg = Release|x64
		{2CD695BC-790B-4686-A953-45AE4089AE86}.Release|x64.Build.0 = Release|x64
		{2CD695BC-790B-4686-A953-45AE4089AE86}.Release|x86.ActiveCfg = Release|Win32
		{2CD695BC-790B-4686-A953-45AE4089AE86}.Release|x86.Build.0 = Release|Win32
		{917301FB-6D09-442E-A127-0EAEFEA5EFA0}.Debug|x64.ActiveCfg = Debug|x64
		{917301FB-6D09-442E-A127-0EAEFEA5EFA0}.Debug|x64.Build.0 = Debug|x64
		{917301FB-6D09-442E-A127-0EAEFEA5EFA0}.Debug|x86.ActiveCfg = Debug|Win32
		{917301FB-6D09-442E-A127-0EAEFEA5EFA0}.Debug|x86.Build.0 = Debug|Win32
		{917301FB-6D09-442E-A127-0EAEFEA5EFA0}.Release|x64.ActiveCfg = Release|x64
		{917301FB-6D09-442E-A127-0EAEFEA5EFA0}.Release|x64.Build.0 = Release|x64
		{917301FB-6D09-442E-A127-0EAEFEA5EFA0}.Release|x86.ActiveCfg = Release|Win32
		{917301FB-6D09-442E-A127-0EAEFEA5EFA0}.Release|x86.Build.0 = Release|Win32
		{B5C1EA22-B27F-4789-837A-6B634B8DA40B}.Debug|x64.ActiveCfg = Debug|x64
		{B5C1EA22-B27F-4789-837A-6B634B8DA40B}.Debug|x64.Build.0 = Debug|x64
		{B5C1EA22-B27F-4789-837A-6B634B8DA40B}.Debug|x86.ActiveCfg = Debug|Win32
		{B5C1EA22-B27F-4789-837A-6B634B8DA40B}.Debug|x86.Build.0 = Debug|Win32
		{B5C1EA22-B27F-4789-837A-6B634B8DA40B}.Release|x64.ActiveCfg = Release|x64
		{B5C1EA22-B27F-4789-837A-6B634B8DA40B}.Release|x64.Build.0 = Release|x64
		{B5C1EA22-B27F-4789-837A-6B634B8DA40B}.Release|x86.ActiveCfg = Release|Win32
		{B5C1EA22-B27F-4789-837A-6B634B8DA40B}.Release|x86.Build.0 = Release|Win32
	EndGlobalSection
	GlobalSection(SolutionProperties) = preSolution
		HideSolutionNode = FALSE
	EndGlobalSection
	GlobalSection(ExtensibilityGlobals) = postSolution
		SolutionGuid = {31BB85DD-B493-4929-BAD3-CEE808070FF2}
	EndGlobalSection
EndGlobal
